
Microsoft Visual Studio Solution File, Format Version 12.00
# Visual Studio Version 17
VisualStudioVersion = 17.9.34616.47
MinimumVisualStudioVersion = 10.0.40219.1
Project("{FAE04EC0-301F-11D3-BF4B-00C04F79EFBC}") = "20 Leap years looping app", "20 Leap years looping app\20 Leap years looping app.csproj", "{A73DC99F-FB12-497C-9603-507260E4EBC3}"
EndProject
Global
	GlobalSection(SolutionConfigurationPlatforms) = preSolution
		Debug|Any CPU = Debug|Any CPU
		Release|Any CPU = Release|Any CPU
	EndGlobalSection
	GlobalSection(ProjectConfigurationPlatforms) = postSolution
		{A73DC99F-FB12-497C-9603-507260E4EBC3}.Debug|Any CPU.ActiveCfg = Debug|Any CPU
		{A73DC99F-FB12-497C-9603-507260E4EBC3}.Debug|Any CPU.Build.0 = Debug|Any CPU
		{A73DC99F-FB12-497C-9603-507260E4EBC3}.Release|Any CPU.ActiveCfg = Release|Any CPU
		{A73DC99F-FB12-497C-9603-507260E4EBC3}.Release|Any CPU.Build.0 = Release|Any CPU
	EndGlobalSection
	GlobalSection(SolutionProperties) = preSolution
		HideSolutionNode = FALSE
	EndGlobalSection
	GlobalSection(ExtensibilityGlobals) = postSolution
		SolutionGuid = {37C4655F-D50E-4F70-8E15-41C7C05CA796}
	EndGlobalSection
EndGlobal
